
Microsoft Visual Studio Solution File, Format Version 12.00
# Visual Studio Version 16
VisualStudioVersion = 16.0.29920.165
MinimumVisualStudioVersion = 10.0.40219.1
Project("{FAE04EC0-301F-11D3-BF4B-00C04F79EFBC}") = "typescript_5_mins", "typescript_5_mins.csproj", "{1EEDFF78-7B95-4F02-8A38-BC5032D4F677}"
EndProject
Global
	GlobalSection(SolutionConfigurationPlatforms) = preSolution
		Debug|Any CPU = Debug|Any CPU
		Release|Any CPU = Release|Any CPU
	EndGlobalSection
	GlobalSection(ProjectConfigurationPlatforms) = postSolution
		{1EEDFF78-7B95-4F02-8A38-BC5032D4F677}.Debug|Any CPU.ActiveCfg = Debug|Any CPU
		{1EEDFF78-7B95-4F02-8A38-BC5032D4F677}.Debug|Any CPU.Build.0 = Debug|Any CPU
		{1EEDFF78-7B95-4F02-8A38-BC5032D4F677}.Release|Any CPU.ActiveCfg = Release|Any CPU
		{1EEDFF78-7B95-4F02-8A38-BC5032D4F677}.Release|Any CPU.Build.0 = Release|Any CPU
	EndGlobalSection
	GlobalSection(SolutionProperties) = preSolution
		HideSolutionNode = FALSE
	EndGlobalSection
	GlobalSection(ExtensibilityGlobals) = postSolution
		SolutionGuid = {562B655C-9C32-4400-9EDA-288FD877FF37}
	EndGlobalSection
EndGlobal
